
Microsoft Visual Studio Solution File, Format Version 12.00
# Visual Studio Version 16
VisualStudioVersion = 16.0.30907.101
MinimumVisualStudioVersion = 10.0.40219.1
Project("{FAE04EC0-301F-11D3-BF4B-00C04F79EFBC}") = "Yapıcı_Method1", "Yapıcı_Method1\Yapıcı_Method1.csproj", "{953A5A34-B94D-4DA7-B05C-4A593625DE48}"
EndProject
Global
	GlobalSection(SolutionConfigurationPlatforms) = preSolution
		Debug|Any CPU = Debug|Any CPU
		Release|Any CPU = Release|Any CPU
	EndGlobalSection
	GlobalSection(ProjectConfigurationPlatforms) = postSolution
		{953A5A34-B94D-4DA7-B05C-4A593625DE48}.Debug|Any CPU.ActiveCfg = Debug|Any CPU
		{953A5A34-B94D-4DA7-B05C-4A593625DE48}.Debug|Any CPU.Build.0 = Debug|Any CPU
		{953A5A34-B94D-4DA7-B05C-4A593625DE48}.Release|Any CPU.ActiveCfg = Release|Any CPU
		{953A5A34-B94D-4DA7-B05C-4A593625DE48}.Release|Any CPU.Build.0 = Release|Any CPU
	EndGlobalSection
	GlobalSection(SolutionProperties) = preSolution
		HideSolutionNode = FALSE
	EndGlobalSection
	GlobalSection(ExtensibilityGlobals) = postSolution
		SolutionGuid = {9A99203A-B557-4896-AC89-6DCBA2D3AB54}
	EndGlobalSection
EndGlobal
