
Microsoft Visual Studio Solution File, Format Version 12.00
# Visual Studio Version 16
VisualStudioVersion = 16.0.30907.101
MinimumVisualStudioVersion = 10.0.40219.1
Project("{FAE04EC0-301F-11D3-BF4B-00C04F79EFBC}") = "Try_Catch_2", "Try_Catch_2\Try_Catch_2.csproj", "{1A2FC5BF-C13B-45AE-A003-428241ED6D2F}"
EndProject
Global
	GlobalSection(SolutionConfigurationPlatforms) = preSolution
		Debug|Any CPU = Debug|Any CPU
		Release|Any CPU = Release|Any CPU
	EndGlobalSection
	GlobalSection(ProjectConfigurationPlatforms) = postSolution
		{1A2FC5BF-C13B-45AE-A003-428241ED6D2F}.Debug|Any CPU.ActiveCfg = Debug|Any CPU
		{1A2FC5BF-C13B-45AE-A003-428241ED6D2F}.Debug|Any CPU.Build.0 = Debug|Any CPU
		{1A2FC5BF-C13B-45AE-A003-428241ED6D2F}.Release|Any CPU.ActiveCfg = Release|Any CPU
		{1A2FC5BF-C13B-45AE-A003-428241ED6D2F}.Release|Any CPU.Build.0 = Release|Any CPU
	EndGlobalSection
	GlobalSection(SolutionProperties) = preSolution
		HideSolutionNode = FALSE
	EndGlobalSection
	GlobalSection(ExtensibilityGlobals) = postSolution
		SolutionGuid = {522B12D6-A211-412A-A556-1CDF0EB0D3E0}
	EndGlobalSection
EndGlobal
