
Microsoft Visual Studio Solution File, Format Version 12.00
# Visual Studio Version 16
VisualStudioVersion = 16.0.30907.101
MinimumVisualStudioVersion = 10.0.40219.1
Project("{FAE04EC0-301F-11D3-BF4B-00C04F79EFBC}") = "Değiskenler_Sinema_BüfeProjesi", "Değiskenler_Sinema_BüfeProjesi\Değiskenler_Sinema_BüfeProjesi.csproj", "{45E227D9-E0BD-4A2F-83B6-B01C02EDB383}"
EndProject
Global
	GlobalSection(SolutionConfigurationPlatforms) = preSolution
		Debug|Any CPU = Debug|Any CPU
		Release|Any CPU = Release|Any CPU
	EndGlobalSection
	GlobalSection(ProjectConfigurationPlatforms) = postSolution
		{45E227D9-E0BD-4A2F-83B6-B01C02EDB383}.Debug|Any CPU.ActiveCfg = Debug|Any CPU
		{45E227D9-E0BD-4A2F-83B6-B01C02EDB383}.Debug|Any CPU.Build.0 = Debug|Any CPU
		{45E227D9-E0BD-4A2F-83B6-B01C02EDB383}.Release|Any CPU.ActiveCfg = Release|Any CPU
		{45E227D9-E0BD-4A2F-83B6-B01C02EDB383}.Release|Any CPU.Build.0 = Release|Any CPU
	EndGlobalSection
	GlobalSection(SolutionProperties) = preSolution
		HideSolutionNode = FALSE
	EndGlobalSection
	GlobalSection(ExtensibilityGlobals) = postSolution
		SolutionGuid = {2E14DE31-8B7B-405B-A020-C06467AF62D4}
	EndGlobalSection
EndGlobal
