
Microsoft Visual Studio Solution File, Format Version 12.00
# Visual Studio Version 16
VisualStudioVersion = 16.0.30907.101
MinimumVisualStudioVersion = 10.0.40219.1
Project("{FAE04EC0-301F-11D3-BF4B-00C04F79EFBC}") = "Dosya_Klasor", "Dosya_Klasor\Dosya_Klasor.csproj", "{F2603B80-6610-4CA5-810C-00A38F159C2E}"
EndProject
Global
	GlobalSection(SolutionConfigurationPlatforms) = preSolution
		Debug|Any CPU = Debug|Any CPU
		Release|Any CPU = Release|Any CPU
	EndGlobalSection
	GlobalSection(ProjectConfigurationPlatforms) = postSolution
		{F2603B80-6610-4CA5-810C-00A38F159C2E}.Debug|Any CPU.ActiveCfg = Debug|Any CPU
		{F2603B80-6610-4CA5-810C-00A38F159C2E}.Debug|Any CPU.Build.0 = Debug|Any CPU
		{F2603B80-6610-4CA5-810C-00A38F159C2E}.Release|Any CPU.ActiveCfg = Release|Any CPU
		{F2603B80-6610-4CA5-810C-00A38F159C2E}.Release|Any CPU.Build.0 = Release|Any CPU
	EndGlobalSection
	GlobalSection(SolutionProperties) = preSolution
		HideSolutionNode = FALSE
	EndGlobalSection
	GlobalSection(ExtensibilityGlobals) = postSolution
		SolutionGuid = {0CC8521D-231F-4A9D-808E-1DACF294EB2F}
	EndGlobalSection
EndGlobal
