
Microsoft Visual Studio Solution File, Format Version 12.00
# Visual Studio Version 16
VisualStudioVersion = 16.0.30907.101
MinimumVisualStudioVersion = 10.0.40219.1
Project("{FAE04EC0-301F-11D3-BF4B-00C04F79EFBC}") = "Arac_Kullanimlari", "Arac_Kullanimlari\Arac_Kullanimlari.csproj", "{E1705C42-CA33-44D8-ADD3-13CEB676670E}"
EndProject
Global
	GlobalSection(SolutionConfigurationPlatforms) = preSolution
		Debug|Any CPU = Debug|Any CPU
		Release|Any CPU = Release|Any CPU
	EndGlobalSection
	GlobalSection(ProjectConfigurationPlatforms) = postSolution
		{E1705C42-CA33-44D8-ADD3-13CEB676670E}.Debug|Any CPU.ActiveCfg = Debug|Any CPU
		{E1705C42-CA33-44D8-ADD3-13CEB676670E}.Debug|Any CPU.Build.0 = Debug|Any CPU
		{E1705C42-CA33-44D8-ADD3-13CEB676670E}.Release|Any CPU.ActiveCfg = Release|Any CPU
		{E1705C42-CA33-44D8-ADD3-13CEB676670E}.Release|Any CPU.Build.0 = Release|Any CPU
	EndGlobalSection
	GlobalSection(SolutionProperties) = preSolution
		HideSolutionNode = FALSE
	EndGlobalSection
	GlobalSection(ExtensibilityGlobals) = postSolution
		SolutionGuid = {1AF97900-425B-44CD-92AE-50CD94356363}
	EndGlobalSection
EndGlobal
