
Microsoft Visual Studio Solution File, Format Version 12.00
# Visual Studio Version 16
VisualStudioVersion = 16.0.30907.101
MinimumVisualStudioVersion = 10.0.40219.1
Project("{FAE04EC0-301F-11D3-BF4B-00C04F79EFBC}") = "Degiskenler_String", "Degiskenler_String\Degiskenler_String.csproj", "{D5C373B3-9303-465D-B591-9F92D64CD9D8}"
EndProject
Global
	GlobalSection(SolutionConfigurationPlatforms) = preSolution
		Debug|Any CPU = Debug|Any CPU
		Release|Any CPU = Release|Any CPU
	EndGlobalSection
	GlobalSection(ProjectConfigurationPlatforms) = postSolution
		{D5C373B3-9303-465D-B591-9F92D64CD9D8}.Debug|Any CPU.ActiveCfg = Debug|Any CPU
		{D5C373B3-9303-465D-B591-9F92D64CD9D8}.Debug|Any CPU.Build.0 = Debug|Any CPU
		{D5C373B3-9303-465D-B591-9F92D64CD9D8}.Release|Any CPU.ActiveCfg = Release|Any CPU
		{D5C373B3-9303-465D-B591-9F92D64CD9D8}.Release|Any CPU.Build.0 = Release|Any CPU
	EndGlobalSection
	GlobalSection(SolutionProperties) = preSolution
		HideSolutionNode = FALSE
	EndGlobalSection
	GlobalSection(ExtensibilityGlobals) = postSolution
		SolutionGuid = {E72C7871-803E-4200-9215-836E7DB34ED8}
	EndGlobalSection
EndGlobal
