
Microsoft Visual Studio Solution File, Format Version 12.00
# Visual Studio Version 16
VisualStudioVersion = 16.0.30907.101
MinimumVisualStudioVersion = 10.0.40219.1
Project("{FAE04EC0-301F-11D3-BF4B-00C04F79EFBC}") = "Arac_Kullanimlari2", "Arac_Kullanimlari2\Arac_Kullanimlari2.csproj", "{7ED121F3-D3F0-4279-BF01-6E3E3F107C68}"
EndProject
Global
	GlobalSection(SolutionConfigurationPlatforms) = preSolution
		Debug|Any CPU = Debug|Any CPU
		Release|Any CPU = Release|Any CPU
	EndGlobalSection
	GlobalSection(ProjectConfigurationPlatforms) = postSolution
		{7ED121F3-D3F0-4279-BF01-6E3E3F107C68}.Debug|Any CPU.ActiveCfg = Debug|Any CPU
		{7ED121F3-D3F0-4279-BF01-6E3E3F107C68}.Debug|Any CPU.Build.0 = Debug|Any CPU
		{7ED121F3-D3F0-4279-BF01-6E3E3F107C68}.Release|Any CPU.ActiveCfg = Release|Any CPU
		{7ED121F3-D3F0-4279-BF01-6E3E3F107C68}.Release|Any CPU.Build.0 = Release|Any CPU
	EndGlobalSection
	GlobalSection(SolutionProperties) = preSolution
		HideSolutionNode = FALSE
	EndGlobalSection
	GlobalSection(ExtensibilityGlobals) = postSolution
		SolutionGuid = {87B3ECC2-2FD7-4E96-8795-528DEBB1C15F}
	EndGlobalSection
EndGlobal
