
Microsoft Visual Studio Solution File, Format Version 12.00
# Visual Studio Version 16
VisualStudioVersion = 16.0.30907.101
MinimumVisualStudioVersion = 10.0.40219.1
Project("{FAE04EC0-301F-11D3-BF4B-00C04F79EFBC}") = "AracKullanimlari4", "AracKullanimlari4\AracKullanimlari4.csproj", "{795534BF-D938-41CD-A5C1-5DC29FDE017C}"
EndProject
Global
	GlobalSection(SolutionConfigurationPlatforms) = preSolution
		Debug|Any CPU = Debug|Any CPU
		Release|Any CPU = Release|Any CPU
	EndGlobalSection
	GlobalSection(ProjectConfigurationPlatforms) = postSolution
		{795534BF-D938-41CD-A5C1-5DC29FDE017C}.Debug|Any CPU.ActiveCfg = Debug|Any CPU
		{795534BF-D938-41CD-A5C1-5DC29FDE017C}.Debug|Any CPU.Build.0 = Debug|Any CPU
		{795534BF-D938-41CD-A5C1-5DC29FDE017C}.Release|Any CPU.ActiveCfg = Release|Any CPU
		{795534BF-D938-41CD-A5C1-5DC29FDE017C}.Release|Any CPU.Build.0 = Release|Any CPU
	EndGlobalSection
	GlobalSection(SolutionProperties) = preSolution
		HideSolutionNode = FALSE
	EndGlobalSection
	GlobalSection(ExtensibilityGlobals) = postSolution
		SolutionGuid = {395EF6E5-90C8-420E-A067-B1346C26161C}
	EndGlobalSection
EndGlobal
