
Microsoft Visual Studio Solution File, Format Version 12.00
# Visual Studio Version 16
VisualStudioVersion = 16.0.30907.101
MinimumVisualStudioVersion = 10.0.40219.1
Project("{FAE04EC0-301F-11D3-BF4B-00C04F79EFBC}") = "Kara_Yapilari_Egzersiz", "Kara_Yapilari_Egzersiz\Kara_Yapilari_Egzersiz.csproj", "{F888CBBF-AB9D-48CE-A3BC-2CBC2A40AAEB}"
EndProject
Global
	GlobalSection(SolutionConfigurationPlatforms) = preSolution
		Debug|Any CPU = Debug|Any CPU
		Release|Any CPU = Release|Any CPU
	EndGlobalSection
	GlobalSection(ProjectConfigurationPlatforms) = postSolution
		{F888CBBF-AB9D-48CE-A3BC-2CBC2A40AAEB}.Debug|Any CPU.ActiveCfg = Debug|Any CPU
		{F888CBBF-AB9D-48CE-A3BC-2CBC2A40AAEB}.Debug|Any CPU.Build.0 = Debug|Any CPU
		{F888CBBF-AB9D-48CE-A3BC-2CBC2A40AAEB}.Release|Any CPU.ActiveCfg = Release|Any CPU
		{F888CBBF-AB9D-48CE-A3BC-2CBC2A40AAEB}.Release|Any CPU.Build.0 = Release|Any CPU
	EndGlobalSection
	GlobalSection(SolutionProperties) = preSolution
		HideSolutionNode = FALSE
	EndGlobalSection
	GlobalSection(ExtensibilityGlobals) = postSolution
		SolutionGuid = {054728E5-6ED6-48A0-A788-FE9B8AAF1864}
	EndGlobalSection
EndGlobal
