
Microsoft Visual Studio Solution File, Format Version 12.00
# Visual Studio Version 16
VisualStudioVersion = 16.0.30907.101
MinimumVisualStudioVersion = 10.0.40219.1
Project("{FAE04EC0-301F-11D3-BF4B-00C04F79EFBC}") = "Metin_Belgesi", "Metin_Belgesi\Metin_Belgesi.csproj", "{6652CC9A-41E6-44A4-AA9A-D0B5E1011ADC}"
EndProject
Global
	GlobalSection(SolutionConfigurationPlatforms) = preSolution
		Debug|Any CPU = Debug|Any CPU
		Release|Any CPU = Release|Any CPU
	EndGlobalSection
	GlobalSection(ProjectConfigurationPlatforms) = postSolution
		{6652CC9A-41E6-44A4-AA9A-D0B5E1011ADC}.Debug|Any CPU.ActiveCfg = Debug|Any CPU
		{6652CC9A-41E6-44A4-AA9A-D0B5E1011ADC}.Debug|Any CPU.Build.0 = Debug|Any CPU
		{6652CC9A-41E6-44A4-AA9A-D0B5E1011ADC}.Release|Any CPU.ActiveCfg = Release|Any CPU
		{6652CC9A-41E6-44A4-AA9A-D0B5E1011ADC}.Release|Any CPU.Build.0 = Release|Any CPU
	EndGlobalSection
	GlobalSection(SolutionProperties) = preSolution
		HideSolutionNode = FALSE
	EndGlobalSection
	GlobalSection(ExtensibilityGlobals) = postSolution
		SolutionGuid = {E9136450-E164-484A-83A6-6F7606F4C432}
	EndGlobalSection
EndGlobal
