
Microsoft Visual Studio Solution File, Format Version 12.00
# Visual Studio Version 16
VisualStudioVersion = 16.0.30907.101
MinimumVisualStudioVersion = 10.0.40219.1
Project("{FAE04EC0-301F-11D3-BF4B-00C04F79EFBC}") = "Formlararası_Veri_Tasima", "Formlararası_Veri_Tasima\Formlararası_Veri_Tasima.csproj", "{1D4BE9AC-DB19-47F2-9875-D20859F32DC2}"
EndProject
Global
	GlobalSection(SolutionConfigurationPlatforms) = preSolution
		Debug|Any CPU = Debug|Any CPU
		Release|Any CPU = Release|Any CPU
	EndGlobalSection
	GlobalSection(ProjectConfigurationPlatforms) = postSolution
		{1D4BE9AC-DB19-47F2-9875-D20859F32DC2}.Debug|Any CPU.ActiveCfg = Debug|Any CPU
		{1D4BE9AC-DB19-47F2-9875-D20859F32DC2}.Debug|Any CPU.Build.0 = Debug|Any CPU
		{1D4BE9AC-DB19-47F2-9875-D20859F32DC2}.Release|Any CPU.ActiveCfg = Release|Any CPU
		{1D4BE9AC-DB19-47F2-9875-D20859F32DC2}.Release|Any CPU.Build.0 = Release|Any CPU
	EndGlobalSection
	GlobalSection(SolutionProperties) = preSolution
		HideSolutionNode = FALSE
	EndGlobalSection
	GlobalSection(ExtensibilityGlobals) = postSolution
		SolutionGuid = {2DDDE04D-D8F9-41D2-9E10-CDFCED74688E}
	EndGlobalSection
EndGlobal
