
Microsoft Visual Studio Solution File, Format Version 12.00
# Visual Studio Version 16
VisualStudioVersion = 16.0.30907.101
MinimumVisualStudioVersion = 10.0.40219.1
Project("{FAE04EC0-301F-11D3-BF4B-00C04F79EFBC}") = "Metin_Belgesi_Okuma", "Metin_Belgesi_Kaydetme\Metin_Belgesi_Okuma.csproj", "{DDC8BF3F-52D1-4AF8-9CB0-3C921C14A10F}"
EndProject
Global
	GlobalSection(SolutionConfigurationPlatforms) = preSolution
		Debug|Any CPU = Debug|Any CPU
		Release|Any CPU = Release|Any CPU
	EndGlobalSection
	GlobalSection(ProjectConfigurationPlatforms) = postSolution
		{DDC8BF3F-52D1-4AF8-9CB0-3C921C14A10F}.Debug|Any CPU.ActiveCfg = Debug|Any CPU
		{DDC8BF3F-52D1-4AF8-9CB0-3C921C14A10F}.Debug|Any CPU.Build.0 = Debug|Any CPU
		{DDC8BF3F-52D1-4AF8-9CB0-3C921C14A10F}.Release|Any CPU.ActiveCfg = Release|Any CPU
		{DDC8BF3F-52D1-4AF8-9CB0-3C921C14A10F}.Release|Any CPU.Build.0 = Release|Any CPU
	EndGlobalSection
	GlobalSection(SolutionProperties) = preSolution
		HideSolutionNode = FALSE
	EndGlobalSection
	GlobalSection(ExtensibilityGlobals) = postSolution
		SolutionGuid = {EF7074C7-93BD-4DD2-A18C-FAC7890A923B}
	EndGlobalSection
EndGlobal
